
Microsoft Visual Studio Solution File, Format Version 12.00
# Visual Studio Version 17
VisualStudioVersion = 17.14.36705.20 d17.14
MinimumVisualStudioVersion = 10.0.40219.1
Project("{FAE04EC0-301F-11D3-BF4B-00C04F79EFBC}") = "RobloxShaderPatch", "RobloxShaderPatch\RobloxShaderPatch.csproj", "{EA2BBE87-099C-44A9-88F5-AA3F57527528}"
EndProject
Global
	GlobalSection(SolutionConfigurationPlatforms) = preSolution
		Debug|Any CPU = Debug|Any CPU
		Release|Any CPU = Release|Any CPU
	EndGlobalSection
	GlobalSection(ProjectConfigurationPlatforms) = postSolution
		{EA2BBE87-099C-44A9-88F5-AA3F57527528}.Debug|Any CPU.ActiveCfg = Debug|Any CPU
		{EA2BBE87-099C-44A9-88F5-AA3F57527528}.Debug|Any CPU.Build.0 = Debug|Any CPU
		{EA2BBE87-099C-44A9-88F5-AA3F57527528}.Release|Any CPU.ActiveCfg = Release|Any CPU
		{EA2BBE87-099C-44A9-88F5-AA3F57527528}.Release|Any CPU.Build.0 = Release|Any CPU
	EndGlobalSection
	GlobalSection(SolutionProperties) = preSolution
		HideSolutionNode = FALSE
	EndGlobalSection
	GlobalSection(ExtensibilityGlobals) = postSolution
		SolutionGuid = {9ECDD302-9083-4084-A739-EFD1B72D3B00}
	EndGlobalSection
EndGlobal
